
Microsoft Visual Studio Solution File, Format Version 12.00
# Visual Studio 15
VisualStudioVersion = 15.0.27428.2037
MinimumVisualStudioVersion = 10.0.40219.1
Project("{FAE04EC0-301F-11D3-BF4B-00C04F79EFBC}") = "CreateEntitiesFromCSV", "CreateEntitiesFromCSV\CreateEntitiesFromCSV.csproj", "{4FB618EE-1488-4AD0-9670-4BEE716007AD}"
EndProject
Project("{FAE04EC0-301F-11D3-BF4B-00C04F79EFBC}") = "MapCSVtoEntities", "MapCSVtoEntities\MapCSVtoEntities\MapCSVtoEntities.csproj", "{679383DC-8751-40FC-8F18-AE89B5945010}"
EndProject
Global
	GlobalSection(SolutionConfigurationPlatforms) = preSolution
		Debug|Any CPU = Debug|Any CPU
		Release|Any CPU = Release|Any CPU
	EndGlobalSection
	GlobalSection(ProjectConfigurationPlatforms) = postSolution
		{4FB618EE-1488-4AD0-9670-4BEE716007AD}.Debug|Any CPU.ActiveCfg = Debug|Any CPU
		{4FB618EE-1488-4AD0-9670-4BEE716007AD}.Debug|Any CPU.Build.0 = Debug|Any CPU
		{4FB618EE-1488-4AD0-9670-4BEE716007AD}.Release|Any CPU.ActiveCfg = Release|Any CPU
		{4FB618EE-1488-4AD0-9670-4BEE716007AD}.Release|Any CPU.Build.0 = Release|Any CPU
		{679383DC-8751-40FC-8F18-AE89B5945010}.Debug|Any CPU.ActiveCfg = Debug|Any CPU
		{679383DC-8751-40FC-8F18-AE89B5945010}.Debug|Any CPU.Build.0 = Debug|Any CPU
		{679383DC-8751-40FC-8F18-AE89B5945010}.Release|Any CPU.ActiveCfg = Release|Any CPU
		{679383DC-8751-40FC-8F18-AE89B5945010}.Release|Any CPU.Build.0 = Release|Any CPU
	EndGlobalSection
	GlobalSection(SolutionProperties) = preSolution
		HideSolutionNode = FALSE
	EndGlobalSection
	GlobalSection(ExtensibilityGlobals) = postSolution
		SolutionGuid = {2CD81735-37A1-4196-98A7-B37FAEC92FC8}
	EndGlobalSection
EndGlobal
